// !$*UTF8*$!
{
	archiveVersion = 1;
	classes = {
	};
	objectVersion = 55;
	objects = {

/* Begin PBXBuildFile section */
		5A66559E27B025D100F96072 /* AppDelegate.swift in Sources */ = {isa = PBXBuildFile; fileRef = 5A66559D27B025D100F96072 /* AppDelegate.swift */; };
		5A6655A027B025D100F96072 /* SceneDelegate.swift in Sources */ = {isa = PBXBuildFile; fileRef = 5A66559F27B025D100F96072 /* SceneDelegate.swift */; };
		5A6655A227B025D100F96072 /* ViewController.swift in Sources */ = {isa = PBXBuildFile; fileRef = 5A6655A127B025D100F96072 /* ViewController.swift */; };
		5A6655A527B025D100F96072 /* Main.storyboard in Resources */ = {isa = PBXBuildFile; fileRef = 5A6655A327B025D100F96072 /* Main.storyboard */; };
		5A6655A727B025D200F96072 /* Assets.xcassets in Resources */ = {isa = PBXBuildFile; fileRef = 5A6655A627B025D200F96072 /* Assets.xcassets */; };
		5A6655AA27B025D200F96072 /* LaunchScreen.storyboard in Resources */ = {isa = PBXBuildFile; fileRef = 5A6655A827B025D200F96072 /* LaunchScreen.storyboard */; };
		5A6AB29F27B24A43007BACF4 /* AddTaskViewController.swift in Sources */ = {isa = PBXBuildFile; fileRef = 5A6AB29E27B24A43007BACF4 /* AddTaskViewController.swift */; };
		5A6AB2A127B24A9D007BACF4 /* EditTaskViewController.swift in Sources */ = {isa = PBXBuildFile; fileRef = 5A6AB2A027B24A9D007BACF4 /* EditTaskViewController.swift */; };
		5A6AB2A327B24AEE007BACF4 /* Task.swift in Sources */ = {isa = PBXBuildFile; fileRef = 5A6AB2A227B24AEE007BACF4 /* Task.swift */; };
		999FD3FDD165FB62DA6CF479 /* Pods_ToDoListApp.framework in Frameworks */ = {isa = PBXBuildFile; fileRef = 84292D6A31157D6FD4E06EB3 /* Pods_ToDoListApp.framework */; };
/* End PBXBuildFile section */

/* Begin PBXFileReference section */
		5A66559A27B025D100F96072 /* ToDoListApp.app */ = {isa = PBXFileReference; explicitFileType = wrapper.application; includeInIndex = 0; path = ToDoListApp.app; sourceTree = BUILT_PRODUCTS_DIR; };
		5A66559D27B025D100F96072 /* AppDelegate.swift */ = {isa = PBXFileReference; lastKnownFileType = sourcecode.swift; path = AppDelegate.swift; sourceTree = "<group>"; };
		5A66559F27B025D100F96072 /* SceneDelegate.swift */ = {isa = PBXFileReference; lastKnownFileType = sourcecode.swift; path = SceneDelegate.swift; sourceTree = "<group>"; };
		5A6655A127B025D100F96072 /* ViewController.swift */ = {isa = PBXFileReference; lastKnownFileType = sourcecode.swift; path = ViewController.swift; sourceTree = "<group>"; };
		5A6655A427B025D100F96072 /* Base */ = {isa = PBXFileReference; lastKnownFileType = file.storyboard; name = Base; path = Base.lproj/Main.storyboard; sourceTree = "<group>"; };
		5A6655A627B025D200F96072 /* Assets.xcassets */ = {isa = PBXFileReference; lastKnownFileType = folder.assetcatalog; path = Assets.xcassets; sourceTree = "<group>"; };
		5A6655A927B025D200F96072 /* Base */ = {isa = PBXFileReference; lastKnownFileType = file.storyboard; name = Base; path = Base.lproj/LaunchScreen.storyboard; sourceTree = "<group>"; };
		5A6655AB27B025D200F96072 /* Info.plist */ = {isa = PBXFileReference; lastKnownFileType = text.plist.xml; path = Info.plist; sourceTree = "<group>"; };
		5A6AB29E27B24A43007BACF4 /* AddTaskViewController.swift */ = {isa = PBXFileReference; lastKnownFileType = sourcecode.swift; path = AddTaskViewController.swift; sourceTree = "<group>"; };
		5A6AB2A027B24A9D007BACF4 /* EditTaskViewController.swift */ = {isa = PBXFileReference; lastKnownFileType = sourcecode.swift; path = EditTaskViewController.swift; sourceTree = "<group>"; };
		5A6AB2A227B24AEE007BACF4 /* Task.swift */ = {isa = PBXFileReference; lastKnownFileType = sourcecode.swift; path = Task.swift; sourceTree = "<group>"; };
		6544F6864BF2F3651A478CE8 /* Pods-ToDoListApp.debug.xcconfig */ = {isa = PBXFileReference; includeInIndex = 1; lastKnownFileType = text.xcconfig; name = "Pods-ToDoListApp.debug.xcconfig"; path = "Target Support Files/Pods-ToDoListApp/Pods-ToDoListApp.debug.xcconfig"; sourceTree = "<group>"; };
		71AE29956C4F42FE4BD883F6 /* Pods-ToDoListApp.release.xcconfig */ = {isa = PBXFileReference; includeInIndex = 1; lastKnownFileType = text.xcconfig; name = "Pods-ToDoListApp.release.xcconfig"; path = "Target Support Files/Pods-ToDoListApp/Pods-ToDoListApp.release.xcconfig"; sourceTree = "<group>"; };
		84292D6A31157D6FD4E06EB3 /* Pods_ToDoListApp.framework */ = {isa = PBXFileReference; explicitFileType = wrapper.framework; includeInIndex = 0; path = Pods_ToDoListApp.framework; sourceTree = BUILT_PRODUCTS_DIR; };
/* End PBXFileReference section */

/* Begin PBXFrameworksBuildPhase section */
		5A66559727B025D100F96072 /* Frameworks */ = {
			isa = PBXFrameworksBuildPhase;
			buildActionMask = 2147483647;
			files = (
				999FD3FDD165FB62DA6CF479 /* Pods_ToDoListApp.framework in Frameworks */,
			);
			runOnlyForDeploymentPostprocessing = 0;
		};
/* End PBXFrameworksBuildPhase section */

/* Begin PBXGroup section */
		5A66559127B025D100F96072 = {
			isa = PBXGroup;
			children = (
				5A66559C27B025D100F96072 /* ToDoListApp */,
				5A66559B27B025D100F96072 /* Products */,
				A87B923244F85FD2F8F156BD /* Pods */,
				80CBCC6C90E1F9B01F6831C8 /* Frameworks */,
			);
			sourceTree = "<group>";
		};
		5A66559B27B025D100F96072 /* Products */ = {
			isa = PBXGroup;
			children = (
				5A66559A27B025D100F96072 /* ToDoListApp.app */,
			);
			name = Products;
			sourceTree = "<group>";
		};
		5A66559C27B025D100F96072 /* ToDoListApp */ = {
			isa = PBXGroup;
			children = (
				5A66559D27B025D100F96072 /* AppDelegate.swift */,
				5A6AB2A027B24A9D007BACF4 /* EditTaskViewController.swift */,
				5A66559F27B025D100F96072 /* SceneDelegate.swift */,
				5A6AB2A227B24AEE007BACF4 /* Task.swift */,
				5A6655A127B025D100F96072 /* ViewController.swift */,
				5A6AB29E27B24A43007BACF4 /* AddTaskViewController.swift */,
				5A6655A327B025D100F96072 /* Main.storyboard */,
				5A6655A627B025D200F96072 /* Assets.xcassets */,
				5A6655A827B025D200F96072 /* LaunchScreen.storyboard */,
				5A6655AB27B025D200F96072 /* Info.plist */,
			);
			path = ToDoListApp;
			sourceTree = "<group>";
		};
		80CBCC6C90E1F9B01F6831C8 /* Frameworks */ = {
			isa = PBXGroup;
			children = (
				84292D6A31157D6FD4E06EB3 /* Pods_ToDoListApp.framework */,
			);
			name = Frameworks;
			sourceTree = "<group>";
		};
		A87B923244F85FD2F8F156BD /* Pods */ = {
			isa = PBXGroup;
			children = (
				6544F6864BF2F3651A478CE8 /* Pods-ToDoListApp.debug.xcconfig */,
				71AE29956C4F42FE4BD883F6 /* Pods-ToDoListApp.release.xcconfig */,
			);
			path = Pods;
			sourceTree = "<group>";
		};
/* End PBXGroup section */

/* Begin PBXNativeTarget section */
		5A66559927B025D100F96072 /* ToDoListApp */ = {
			isa = PBXNativeTarget;
			buildConfigurationList = 5A6655AE27B025D200F96072 /* Build configuration list for PBXNativeTarget "ToDoListApp" */;
			buildPhases = (
				FC10873F67B40285B010068C /* [CP] Check Pods Manifest.lock */,
				5A66559627B025D100F96072 /* Sources */,
				5A66559727B025D100F96072 /* Frameworks */,
				5A66559827B025D100F96072 /* Resources */,
			);
			buildRules = (
			);
			dependencies = (
			);
			name = ToDoListApp;
			productName = ToDoListApp;
			productReference = 5A66559A27B025D100F96072 /* ToDoListApp.app */;
			productType = "com.apple.product-type.application";
		};
/* End PBXNativeTarget section */

/* Begin PBXProject section */
		5A66559227B025D100F96072 /* Project object */ = {
			isa = PBXProject;
			attributes = {
				BuildIndependentTargetsInParallel = 1;
				LastSwiftUpdateCheck = 1320;
				LastUpgradeCheck = 1320;
				TargetAttributes = {
					5A66559927B025D100F96072 = {
						CreatedOnToolsVersion = 13.2.1;
					};
				};
			};
			buildConfigurationList = 5A66559527B025D100F96072 /* Build configuration list for PBXProject "ToDoListApp" */;
			compatibilityVersion = "Xcode 13.0";
			developmentRegion = en;
			hasScannedForEncodings = 0;
			knownRegions = (
				en,
				Base,
			);
			mainGroup = 5A66559127B025D100F96072;
			productRefGroup = 5A66559B27B025D100F96072 /* Products */;
			projectDirPath = "";
			projectRoot = "";
			targets = (
				5A66559927B025D100F96072 /* ToDoListApp */,
			);
		};
/* End PBXProject section */

/* Begin PBXResourcesBuildPhase section */
		5A66559827B025D100F96072 /* Resources */ = {
			isa = PBXResourcesBuildPhase;
			buildActionMask = 2147483647;
			files = (
				5A6655AA27B025D200F96072 /* LaunchScreen.storyboard in Resources */,
				5A6655A727B025D200F96072 /* Assets.xcassets in Resources */,
				5A6655A527B025D100F96072 /* Main.storyboard in Resources */,
			);
			runOnlyForDeploymentPostprocessing = 0;
		};
/* End PBXResourcesBuildPhase section */

/* Begin PBXShellScriptBuildPhase section */
		FC10873F67B40285B010068C /* [CP] Check Pods Manifest.lock */ = {
			isa = PBXShellScriptBuildPhase;
			buildActionMask = 2147483647;
			files = (
			);
			inputFileListPaths = (
			);
			inputPaths = (
				"${PODS_PODFILE_DIR_PATH}/Podfile.lock",
				"${PODS_ROOT}/Manifest.lock",
			);
			name = "[CP] Check Pods Manifest.lock";
			outputFileListPaths = (
			);
			outputPaths = (
				"$(DERIVED_FILE_DIR)/Pods-ToDoListApp-checkManifestLockResult.txt",
			);
			runOnlyForDeploymentPostprocessing = 0;
			shellPath = /bin/sh;
			shellScript = "diff \"${PODS_PODFILE_DIR_PATH}/Podfile.lock\" \"${PODS_ROOT}/Manifest.lock\" > /dev/null\nif [ $? != 0 ] ; then\n    # print error to STDERR\n    echo \"error: The sandbox is not in sync with the Podfile.lock. Run 'pod install' or update your CocoaPods installation.\" >&2\n    exit 1\nfi\n# This output is used by Xcode 'outputs' to avoid re-running this script phase.\necho \"SUCCESS\" > \"${SCRIPT_OUTPUT_FILE_0}\"\n";
			showEnvVarsInLog = 0;
		};
/* End PBXShellScriptBuildPhase section */

/* Begin PBXSourcesBuildPhase section */
		5A66559627B025D100F96072 /* Sources */ = {
			isa = PBXSourcesBuildPhase;
			buildActionMask = 2147483647;
			files = (
				5A6655A227B025D100F96072 /* ViewController.swift in Sources */,
				5A6AB29F27B24A43007BACF4 /* AddTaskViewController.swift in Sources */,
				5A6AB2A127B24A9D007BACF4 /* EditTaskViewController.swift in Sources */,
				5A66559E27B025D100F96072 /* AppDelegate.swift in Sources */,
				5A6AB2A327B24AEE007BACF4 /* Task.swift in Sources */,
				5A6655A027B025D100F96072 /* SceneDelegate.swift in Sources */,
			);
			runOnlyForDeploymentPostprocessing = 0;
		};
/* End PBXSourcesBuildPhase section */

/* Begin PBXVariantGroup section */
		5A6655A327B025D100F96072 /* Main.storyboard */ = {
			isa = PBXVariantGroup;
			children = (
				5A6655A427B025D100F96072 /* Base */,
			);
			name = Main.storyboard;
			sourceTree = "<group>";
		};
		5A6655A827B025D200F96072 /* LaunchScreen.storyboard */ = {
			isa = PBXVariantGroup;
			children = (
				5A6655A927B025D200F96072 /* Base */,
			);
			name = LaunchScreen.storyboard;
			sourceTree = "<group>";
		};
/* End PBXVariantGroup section */

/* Begin XCBuildConfiguration section */
		5A6655AC27B025D200F96072 /* Debug */ = {
			isa = XCBuildConfiguration;
			buildSettings = {
				ALWAYS_SEARCH_USER_PATHS = NO;
				CLANG_ANALYZER_NONNULL = YES;
				CLANG_ANALYZER_NUMBER_OBJECT_CONVERSION = YES_AGGRESSIVE;
				CLANG_CXX_LANGUAGE_STANDARD = "gnu++17";
				CLANG_CXX_LIBRARY = "libc++";
				CLANG_ENABLE_MODULES = YES;
				CLANG_ENABLE_OBJC_ARC = YES;
				CLANG_ENABLE_OBJC_WEAK = YES;
				CLANG_WARN_BLOCK_CAPTURE_AUTORELEASING = YES;
				CLANG_WARN_BOOL_CONVERSION = YES;
				CLANG_WARN_COMMA = YES;
				CLANG_WARN_CONSTANT_CONVERSION = YES;
				CLANG_WARN_DEPRECATED_OBJC_IMPLEMENTATIONS = YES;
				CLANG_WARN_DIRECT_OBJC_ISA_USAGE = YES_ERROR;
				CLANG_WARN_DOCUMENTATION_COMMENTS = YES;
				CLANG_WARN_EMPTY_BODY = YES;
				CLANG_WARN_ENUM_CONVERSION = YES;
				CLANG_WARN_INFINITE_RECURSION = YES;
				CLANG_WARN_INT_CONVERSION = YES;
				CLANG_WARN_NON_LITERAL_NULL_CONVERSION = YES;
				CLANG_WARN_OBJC_IMPLICIT_RETAIN_SELF = YES;
				CLANG_WARN_OBJC_LITERAL_CONVERSION = YES;
				CLANG_WARN_OBJC_ROOT_CLASS = YES_ERROR;
				CLANG_WARN_QUOTED_INCLUDE_IN_FRAMEWORK_HEADER = YES;
				CLANG_WARN_RANGE_LOOP_ANALYSIS = YES;
				CLANG_WARN_STRICT_PROTOTYPES = YES;
				CLANG_WARN_SUSPICIOUS_MOVE = YES;
				CLANG_WARN_UNGUARDED_AVAILABILITY = YES_AGGRESSIVE;
				CLANG_WARN_UNREACHABLE_CODE = YES;
				CLANG_WARN__DUPLICATE_METHOD_MATCH = YES;
				COPY_PHASE_STRIP = NO;
				DEBUG_INFORMATION_FORMAT = dwarf;
				ENABLE_STRICT_OBJC_MSGSEND = YES;
				ENABLE_TESTABILITY = YES;
				GCC_C_LANGUAGE_STANDARD = gnu11;
				GCC_DYNAMIC_NO_PIC = NO;
				GCC_NO_COMMON_BLOCKS = YES;
				GCC_OPTIMIZATION_LEVEL = 0;
				GCC_PREPROCESSOR_DEFINITIONS = (
					"DEBUG=1",
					"$(inherited)",
				);
				GCC_WARN_64_TO_32_BIT_CONVERSION = YES;
				GCC_WARN_ABOUT_RETURN_TYPE = YES_ERROR;
				GCC_WARN_UNDECLARED_SELECTOR = YES;
				GCC_WARN_UNINITIALIZED_AUTOS = YES_AGGRESSIVE;
				GCC_WARN_UNUSED_FUNCTION = YES;
				GCC_WARN_UNUSED_VARIABLE = YES;
				IPHONEOS_DEPLOYMENT_TARGET = 15.2;
				MTL_ENABLE_DEBUG_INFO = INCLUDE_SOURCE;
				MTL_FAST_MATH = YES;
				ONLY_ACTIVE_ARCH = YES;
				SDKROOT = iphoneos;
				SWIFT_ACTIVE_COMPILATION_CONDITIONS = DEBUG;
				SWIFT_OPTIMIZATION_LEVEL = "-Onone";
			};
			name = Debug;
		};
		5A6655AD27B025D200F96072 /* Release */ = {
			isa = XCBuildConfiguration;
			buildSettings = {
				ALWAYS_SEARCH_USER_PATHS = NO;
				CLANG_ANALYZER_NONNULL = YES;
				CLANG_ANALYZER_NUMBER_OBJECT_CONVERSION = YES_AGGRESSIVE;
				CLANG_CXX_LANGUAGE_STANDARD = "gnu++17";
				CLANG_CXX_LIBRARY = "libc++";
				CLANG_ENABLE_MODULES = YES;
				CLANG_ENABLE_OBJC_ARC = YES;
				CLANG_ENABLE_OBJC_WEAK = YES;
				CLANG_WARN_BLOCK_CAPTURE_AUTORELEASING = YES;
				CLANG_WARN_BOOL_CONVERSION = YES;
				CLANG_WARN_COMMA = YES;
				CLANG_WARN_CONSTANT_CONVERSION = YES;
				CLANG_WARN_DEPRECATED_OBJC_IMPLEMENTATIONS = YES;
				CLANG_WARN_DIRECT_OBJC_ISA_USAGE = YES_ERROR;
				CLANG_WARN_DOCUMENTATION_COMMENTS = YES;
				CLANG_WARN_EMPTY_BODY = YES;
				CLANG_WARN_ENUM_CONVERSION = YES;
				CLANG_WARN_INFINITE_RECURSION = YES;
				CLANG_WARN_INT_CONVERSION = YES;
				CLANG_WARN_NON_LITERAL_NULL_CONVERSION = YES;
				CLANG_WARN_OBJC_IMPLICIT_RETAIN_SELF = YES;
				CLANG_WARN_OBJC_LITERAL_CONVERSION = YES;
				CLANG_WARN_OBJC_ROOT_CLASS = YES_ERROR;
				CLANG_WARN_QUOTED_INCLUDE_IN_FRAMEWORK_HEADER = YES;
				CLANG_WARN_RANGE_LOOP_ANALYSIS = YES;
				CLANG_WARN_STRICT_PROTOTYPES = YES;
				CLANG_WARN_SUSPICIOUS_MOVE = YES;
				CLANG_WARN_UNGUARDED_AVAILABILITY = YES_AGGRESSIVE;
				CLANG_WARN_UNREACHABLE_CODE = YES;
				CLANG_WARN__DUPLICATE_METHOD_MATCH = YES;
				COPY_PHASE_STRIP = NO;
				DEBUG_INFORMATION_FORMAT = "dwarf-with-dsym";
				ENABLE_NS_ASSERTIONS = NO;
				ENABLE_STRICT_OBJC_MSGSEND = YES;
				GCC_C_LANGUAGE_STANDARD = gnu11;
				GCC_NO_COMMON_BLOCKS = YES;
				GCC_WARN_64_TO_32_BIT_CONVERSION = YES;
				GCC_WARN_ABOUT_RETURN_TYPE = YES_ERROR;
				GCC_WARN_UNDECLARED_SELECTOR = YES;
				GCC_WARN_UNINITIALIZED_AUTOS = YES_AGGRESSIVE;
				GCC_WARN_UNUSED_FUNCTION = YES;
				GCC_WARN_UNUSED_VARIABLE = YES;
				IPHONEOS_DEPLOYMENT_TARGET = 15.2;
				MTL_ENABLE_DEBUG_INFO = NO;
				MTL_FAST_MATH = YES;
				SDKROOT = iphoneos;
				SWIFT_COMPILATION_MODE = wholemodule;
				SWIFT_OPTIMIZATION_LEVEL = "-O";
				VALIDATE_PRODUCT = YES;
			};
			name = Release;
		};
		5A6655AF27B025D200F96072 /* Debug */ = {
			isa = XCBuildConfiguration;
			baseConfigurationReference = 6544F6864BF2F3651A478CE8 /* Pods-ToDoListApp.debug.xcconfig */;
			buildSettings = {
				ASSETCATALOG_COMPILER_APPICON_NAME = AppIcon;
				ASSETCATALOG_COMPILER_GLOBAL_ACCENT_COLOR_NAME = AccentColor;
				CODE_SIGN_STYLE = Automatic;
				CURRENT_PROJECT_VERSION = 1;
				DEVELOPMENT_TEAM = 9UBXCLG55J;
				GENERATE_INFOPLIST_FILE = YES;
				INFOPLIST_FILE = ToDoListApp/Info.plist;
				INFOPLIST_KEY_UIApplicationSupportsIndirectInputEvents = YES;
				INFOPLIST_KEY_UILaunchStoryboardName = LaunchScreen;
				INFOPLIST_KEY_UIMainStoryboardFile = Main;
				INFOPLIST_KEY_UISupportedInterfaceOrientations_iPad = "UIInterfaceOrientationPortrait UIInterfaceOrientationPortraitUpsideDown UIInterfaceOrientationLandscapeLeft UIInterfaceOrientationLandscapeRight";
				INFOPLIST_KEY_UISupportedInterfaceOrientations_iPhone = "UIInterfaceOrientationPortrait UIInterfaceOrientationLandscapeLeft UIInterfaceOrientationLandscapeRight";
				LD_RUNPATH_SEARCH_PATHS = (
					"$(inherited)",
					"@executable_path/Frameworks",
				);
				MARKETING_VERSION = 1.0;
				PRODUCT_BUNDLE_IDENTIFIER = "to-do-list.ToDoListApp";
				PRODUCT_NAME = "$(TARGET_NAME)";
				SWIFT_EMIT_LOC_STRINGS = YES;
				SWIFT_VERSION = 5.0;
				TARGETED_DEVICE_FAMILY = "1,2";
			};
			name = Debug;
		};
		5A6655B027B025D200F96072 /* Release */ = {
			isa = XCBuildConfiguration;
			baseConfigurationReference = 71AE29956C4F42FE4BD883F6 /* Pods-ToDoListApp.release.xcconfig */;
			buildSettings = {
				ASSETCATALOG_COMPILER_APPICON_NAME = AppIcon;
				ASSETCATALOG_COMPILER_GLOBAL_ACCENT_COLOR_NAME = AccentColor;
				CODE_SIGN_STYLE = Automatic;
				CURRENT_PROJECT_VERSION = 1;
				DEVELOPMENT_TEAM = 9UBXCLG55J;
				GENERATE_INFOPLIST_FILE = YES;
				INFOPLIST_FILE = ToDoListApp/Info.plist;
				INFOPLIST_KEY_UIApplicationSupportsIndirectInputEvents = YES;
				INFOPLIST_KEY_UILaunchStoryboardName = LaunchScreen;
				INFOPLIST_KEY_UIMainStoryboardFile = Main;
				INFOPLIST_KEY_UISupportedInterfaceOrientations_iPad = "UIInterfaceOrientationPortrait UIInterfaceOrientationPortraitUpsideDown UIInterfaceOrientationLandscapeLeft UIInterfaceOrientationLandscapeRight";
				INFOPLIST_KEY_UISupportedInterfaceOrientations_iPhone = "UIInterfaceOrientationPortrait UIInterfaceOrientationLandscapeLeft UIInterfaceOrientationLandscapeRight";
				LD_RUNPATH_SEARCH_PATHS = (
					"$(inherited)",
					"@executable_path/Frameworks",
				);
				MARKETING_VERSION = 1.0;
				PRODUCT_BUNDLE_IDENTIFIER = "to-do-list.ToDoListApp";
				PRODUCT_NAME = "$(TARGET_NAME)";
				SWIFT_EMIT_LOC_STRINGS = YES;
				SWIFT_VERSION = 5.0;
				TARGETED_DEVICE_FAMILY = "1,2";
			};
			name = Release;
		};
/* End XCBuildConfiguration section */

/* Begin XCConfigurationList section */
		5A66559527B025D100F96072 /* Build configuration list for PBXProject "ToDoListApp" */ = {
			isa = XCConfigurationList;
			buildConfigurations = (
				5A6655AC27B025D200F96072 /* Debug */,
				5A6655AD27B025D200F96072 /* Release */,
			);
			defaultConfigurationIsVisible = 0;
			defaultConfigurationName = Release;
		};
		5A6655AE27B025D200F96072 /* Build configuration list for PBXNativeTarget "ToDoListApp" */ = {
			isa = XCConfigurationList;
			buildConfigurations = (
				5A6655AF27B025D200F96072 /* Debug */,
				5A6655B027B025D200F96072 /* Release */,
			);
			defaultConfigurationIsVisible = 0;
			defaultConfigurationName = Release;
		};
/* End XCConfigurationList section */
	};
	rootObject = 5A66559227B025D100F96072 /* Project object */;
}
